// !$*UTF8*$!
{
	archiveVersion = 1;
	classes = {
	};
	objectVersion = 55;
	objects = {

/* Begin PBXBuildFile section */
		220018A928A65745009FCE2A /* DataService.swift in Sources */ = {isa = PBXBuildFile; fileRef = 220018A828A65745009FCE2A /* DataService.swift */; };
		220C2AB928AFF0B90097996C /* Rational.swift in Sources */ = {isa = PBXBuildFile; fileRef = 220C2AB828AFF0B90097996C /* Rational.swift */; };
		221CA7B228B3F6F60002C964 /* RecipeHighlights.swift in Sources */ = {isa = PBXBuildFile; fileRef = 221CA7B128B3F6F60002C964 /* RecipeHighlights.swift */; };
		225A1ABE28AAA5CE00535BAB /* RecipeTabView.swift in Sources */ = {isa = PBXBuildFile; fileRef = 225A1ABD28AAA5CE00535BAB /* RecipeTabView.swift */; };
		225E9C5628A3F0A000658039 /* RecipeListApp.swift in Sources */ = {isa = PBXBuildFile; fileRef = 225E9C5528A3F0A000658039 /* RecipeListApp.swift */; };
		225E9C5828A3F0A000658039 /*  RecipeListView.swift in Sources */ = {isa = PBXBuildFile; fileRef = 225E9C5728A3F0A000658039 /*  RecipeListView.swift */; };
		225E9C5A28A3F0A200658039 /* Assets.xcassets in Resources */ = {isa = PBXBuildFile; fileRef = 225E9C5928A3F0A200658039 /* Assets.xcassets */; };
		225E9C5D28A3F0A200658039 /* Preview Assets.xcassets in Resources */ = {isa = PBXBuildFile; fileRef = 225E9C5C28A3F0A200658039 /* Preview Assets.xcassets */; };
		225E9C6A28A3F48800658039 /* recipes.json in Resources */ = {isa = PBXBuildFile; fileRef = 225E9C6928A3F48800658039 /* recipes.json */; };
		225E9C6C28A3F5C600658039 /* Recipe.swift in Sources */ = {isa = PBXBuildFile; fileRef = 225E9C6B28A3F5C600658039 /* Recipe.swift */; };
		225E9C6E28A3F85C00658039 /* RecipeModel.swift in Sources */ = {isa = PBXBuildFile; fileRef = 225E9C6D28A3F85C00658039 /* RecipeModel.swift */; };
		226F66AB28AD55F7006AEBE1 /* RecipeFeaturedView.swift in Sources */ = {isa = PBXBuildFile; fileRef = 226F66AA28AD55F7006AEBE1 /* RecipeFeaturedView.swift */; };
		229CE69928A69E9400E31BBF /* RecipeDetailView.swift in Sources */ = {isa = PBXBuildFile; fileRef = 229CE69828A69E9400E31BBF /* RecipeDetailView.swift */; };
/* End PBXBuildFile section */

/* Begin PBXFileReference section */
		220018A828A65745009FCE2A /* DataService.swift */ = {isa = PBXFileReference; lastKnownFileType = sourcecode.swift; path = DataService.swift; sourceTree = "<group>"; };
		220C2AB828AFF0B90097996C /* Rational.swift */ = {isa = PBXFileReference; lastKnownFileType = sourcecode.swift; path = Rational.swift; sourceTree = "<group>"; };
		221CA7B128B3F6F60002C964 /* RecipeHighlights.swift */ = {isa = PBXFileReference; lastKnownFileType = sourcecode.swift; path = RecipeHighlights.swift; sourceTree = "<group>"; };
		225A1ABD28AAA5CE00535BAB /* RecipeTabView.swift */ = {isa = PBXFileReference; lastKnownFileType = sourcecode.swift; path = RecipeTabView.swift; sourceTree = "<group>"; };
		225E9C5228A3F0A000658039 /* RecipeListApp.app */ = {isa = PBXFileReference; explicitFileType = wrapper.application; includeInIndex = 0; path = RecipeListApp.app; sourceTree = BUILT_PRODUCTS_DIR; };
		225E9C5528A3F0A000658039 /* RecipeListApp.swift */ = {isa = PBXFileReference; lastKnownFileType = sourcecode.swift; path = RecipeListApp.swift; sourceTree = "<group>"; };
		225E9C5728A3F0A000658039 /*  RecipeListView.swift */ = {isa = PBXFileReference; lastKnownFileType = sourcecode.swift; path = " RecipeListView.swift"; sourceTree = "<group>"; };
		225E9C5928A3F0A200658039 /* Assets.xcassets */ = {isa = PBXFileReference; lastKnownFileType = folder.assetcatalog; path = Assets.xcassets; sourceTree = "<group>"; };
		225E9C5C28A3F0A200658039 /* Preview Assets.xcassets */ = {isa = PBXFileReference; lastKnownFileType = folder.assetcatalog; path = "Preview Assets.xcassets"; sourceTree = "<group>"; };
		225E9C6928A3F48800658039 /* recipes.json */ = {isa = PBXFileReference; fileEncoding = 4; lastKnownFileType = text.json; path = recipes.json; sourceTree = "<group>"; };
		225E9C6B28A3F5C600658039 /* Recipe.swift */ = {isa = PBXFileReference; lastKnownFileType = sourcecode.swift; path = Recipe.swift; sourceTree = "<group>"; };
		225E9C6D28A3F85C00658039 /* RecipeModel.swift */ = {isa = PBXFileReference; lastKnownFileType = sourcecode.swift; path = RecipeModel.swift; sourceTree = "<group>"; };
		226F66AA28AD55F7006AEBE1 /* RecipeFeaturedView.swift */ = {isa = PBXFileReference; lastKnownFileType = sourcecode.swift; path = RecipeFeaturedView.swift; sourceTree = "<group>"; };
		229CE69828A69E9400E31BBF /* RecipeDetailView.swift */ = {isa = PBXFileReference; lastKnownFileType = sourcecode.swift; path = RecipeDetailView.swift; sourceTree = "<group>"; };
/* End PBXFileReference section */

/* Begin PBXFrameworksBuildPhase section */
		225E9C4F28A3F0A000658039 /* Frameworks */ = {
			isa = PBXFrameworksBuildPhase;
			buildActionMask = 2147483647;
			files = (
			);
			runOnlyForDeploymentPostprocessing = 0;
		};
/* End PBXFrameworksBuildPhase section */

/* Begin PBXGroup section */
		220C2AB728AFF09A0097996C /* Utilities */ = {
			isa = PBXGroup;
			children = (
				220C2AB828AFF0B90097996C /* Rational.swift */,
			);
			path = Utilities;
			sourceTree = "<group>";
		};
		225E9C4928A3F0A000658039 = {
			isa = PBXGroup;
			children = (
				225E9C5428A3F0A000658039 /* RecipeListApp */,
				225E9C5328A3F0A000658039 /* Products */,
			);
			sourceTree = "<group>";
		};
		225E9C5328A3F0A000658039 /* Products */ = {
			isa = PBXGroup;
			children = (
				225E9C5228A3F0A000658039 /* RecipeListApp.app */,
			);
			name = Products;
			sourceTree = "<group>";
		};
		225E9C5428A3F0A000658039 /* RecipeListApp */ = {
			isa = PBXGroup;
			children = (
				225E9C5528A3F0A000658039 /* RecipeListApp.swift */,
				225E9C6728A3F30500658039 /* Views */,
				225E9C6628A3F2D100658039 /* ViewModels */,
				225E9C6528A3F2CA00658039 /* Models */,
				225E9C6828A3F35E00658039 /* Services */,
				225E9C6328A3F2BB00658039 /* Data */,
				220C2AB728AFF09A0097996C /* Utilities */,
				225E9C5928A3F0A200658039 /* Assets.xcassets */,
				225E9C5B28A3F0A200658039 /* Preview Content */,
			);
			path = RecipeListApp;
			sourceTree = "<group>";
		};
		225E9C5B28A3F0A200658039 /* Preview Content */ = {
			isa = PBXGroup;
			children = (
				225E9C5C28A3F0A200658039 /* Preview Assets.xcassets */,
			);
			path = "Preview Content";
			sourceTree = "<group>";
		};
		225E9C6328A3F2BB00658039 /* Data */ = {
			isa = PBXGroup;
			children = (
				225E9C6928A3F48800658039 /* recipes.json */,
			);
			path = Data;
			sourceTree = "<group>";
		};
		225E9C6528A3F2CA00658039 /* Models */ = {
			isa = PBXGroup;
			children = (
				225E9C6B28A3F5C600658039 /* Recipe.swift */,
			);
			path = Models;
			sourceTree = "<group>";
		};
		225E9C6628A3F2D100658039 /* ViewModels */ = {
			isa = PBXGroup;
			children = (
				225E9C6D28A3F85C00658039 /* RecipeModel.swift */,
			);
			path = ViewModels;
			sourceTree = "<group>";
		};
		225E9C6728A3F30500658039 /* Views */ = {
			isa = PBXGroup;
			children = (
				225E9C5728A3F0A000658039 /*  RecipeListView.swift */,
				229CE69828A69E9400E31BBF /* RecipeDetailView.swift */,
				225A1ABD28AAA5CE00535BAB /* RecipeTabView.swift */,
				226F66AA28AD55F7006AEBE1 /* RecipeFeaturedView.swift */,
				221CA7B128B3F6F60002C964 /* RecipeHighlights.swift */,
			);
			path = Views;
			sourceTree = "<group>";
		};
		225E9C6828A3F35E00658039 /* Services */ = {
			isa = PBXGroup;
			children = (
				220018A828A65745009FCE2A /* DataService.swift */,
			);
			path = Services;
			sourceTree = "<group>";
		};
/* End PBXGroup section */

/* Begin PBXNativeTarget section */
		225E9C5128A3F0A000658039 /* RecipeListApp */ = {
			isa = PBXNativeTarget;
			buildConfigurationList = 225E9C6028A3F0A200658039 /* Build configuration list for PBXNativeTarget "RecipeListApp" */;
			buildPhases = (
				225E9C4E28A3F0A000658039 /* Sources */,
				225E9C4F28A3F0A000658039 /* Frameworks */,
				225E9C5028A3F0A000658039 /* Resources */,
			);
			buildRules = (
			);
			dependencies = (
			);
			name = RecipeListApp;
			productName = RecipeListApp;
			productReference = 225E9C5228A3F0A000658039 /* RecipeListApp.app */;
			productType = "com.apple.product-type.application";
		};
/* End PBXNativeTarget section */

/* Begin PBXProject section */
		225E9C4A28A3F0A000658039 /* Project object */ = {
			isa = PBXProject;
			attributes = {
				BuildIndependentTargetsInParallel = 1;
				LastSwiftUpdateCheck = 1340;
				LastUpgradeCheck = 1340;
				TargetAttributes = {
					225E9C5128A3F0A000658039 = {
						CreatedOnToolsVersion = 13.4.1;
					};
				};
			};
			buildConfigurationList = 225E9C4D28A3F0A000658039 /* Build configuration list for PBXProject "RecipeListApp" */;
			compatibilityVersion = "Xcode 13.0";
			developmentRegion = en;
			hasScannedForEncodings = 0;
			knownRegions = (
				en,
				Base,
			);
			mainGroup = 225E9C4928A3F0A000658039;
			productRefGroup = 225E9C5328A3F0A000658039 /* Products */;
			projectDirPath = "";
			projectRoot = "";
			targets = (
				225E9C5128A3F0A000658039 /* RecipeListApp */,
			);
		};
/* End PBXProject section */

/* Begin PBXResourcesBuildPhase section */
		225E9C5028A3F0A000658039 /* Resources */ = {
			isa = PBXResourcesBuildPhase;
			buildActionMask = 2147483647;
			files = (
				225E9C5D28A3F0A200658039 /* Preview Assets.xcassets in Resources */,
				225E9C6A28A3F48800658039 /* recipes.json in Resources */,
				225E9C5A28A3F0A200658039 /* Assets.xcassets in Resources */,
			);
			runOnlyForDeploymentPostprocessing = 0;
		};
/* End PBXResourcesBuildPhase section */

/* Begin PBXSourcesBuildPhase section */
		225E9C4E28A3F0A000658039 /* Sources */ = {
			isa = PBXSourcesBuildPhase;
			buildActionMask = 2147483647;
			files = (
				225E9C6C28A3F5C600658039 /* Recipe.swift in Sources */,
				229CE69928A69E9400E31BBF /* RecipeDetailView.swift in Sources */,
				221CA7B228B3F6F60002C964 /* RecipeHighlights.swift in Sources */,
				220C2AB928AFF0B90097996C /* Rational.swift in Sources */,
				225E9C6E28A3F85C00658039 /* RecipeModel.swift in Sources */,
				225E9C5828A3F0A000658039 /*  RecipeListView.swift in Sources */,
				225E9C5628A3F0A000658039 /* RecipeListApp.swift in Sources */,
				220018A928A65745009FCE2A /* DataService.swift in Sources */,
				226F66AB28AD55F7006AEBE1 /* RecipeFeaturedView.swift in Sources */,
				225A1ABE28AAA5CE00535BAB /* RecipeTabView.swift in Sources */,
			);
			runOnlyForDeploymentPostprocessing = 0;
		};
/* End PBXSourcesBuildPhase section */

/* Begin XCBuildConfiguration section */
		225E9C5E28A3F0A200658039 /* Debug */ = {
			isa = XCBuildConfiguration;
			buildSettings = {
				ALWAYS_SEARCH_USER_PATHS = NO;
				CLANG_ANALYZER_NONNULL = YES;
				CLANG_ANALYZER_NUMBER_OBJECT_CONVERSION = YES_AGGRESSIVE;
				CLANG_CXX_LANGUAGE_STANDARD = "gnu++17";
				CLANG_ENABLE_MODULES = YES;
				CLANG_ENABLE_OBJC_ARC = YES;
				CLANG_ENABLE_OBJC_WEAK = YES;
				CLANG_WARN_BLOCK_CAPTURE_AUTORELEASING = YES;
				CLANG_WARN_BOOL_CONVERSION = YES;
				CLANG_WARN_COMMA = YES;
				CLANG_WARN_CONSTANT_CONVERSION = YES;
				CLANG_WARN_DEPRECATED_OBJC_IMPLEMENTATIONS = YES;
				CLANG_WARN_DIRECT_OBJC_ISA_USAGE = YES_ERROR;
				CLANG_WARN_DOCUMENTATION_COMMENTS = YES;
				CLANG_WARN_EMPTY_BODY = YES;
				CLANG_WARN_ENUM_CONVERSION = YES;
				CLANG_WARN_INFINITE_RECURSION = YES;
				CLANG_WARN_INT_CONVERSION = YES;
				CLANG_WARN_NON_LITERAL_NULL_CONVERSION = YES;
				CLANG_WARN_OBJC_IMPLICIT_RETAIN_SELF = YES;
				CLANG_WARN_OBJC_LITERAL_CONVERSION = YES;
				CLANG_WARN_OBJC_ROOT_CLASS = YES_ERROR;
				CLANG_WARN_QUOTED_INCLUDE_IN_FRAMEWORK_HEADER = YES;
				CLANG_WARN_RANGE_LOOP_ANALYSIS = YES;
				CLANG_WARN_STRICT_PROTOTYPES = YES;
				CLANG_WARN_SUSPICIOUS_MOVE = YES;
				CLANG_WARN_UNGUARDED_AVAILABILITY = YES_AGGRESSIVE;
				CLANG_WARN_UNREACHABLE_CODE = YES;
				CLANG_WARN__DUPLICATE_METHOD_MATCH = YES;
				COPY_PHASE_STRIP = NO;
				DEBUG_INFORMATION_FORMAT = dwarf;
				ENABLE_STRICT_OBJC_MSGSEND = YES;
				ENABLE_TESTABILITY = YES;
				GCC_C_LANGUAGE_STANDARD = gnu11;
				GCC_DYNAMIC_NO_PIC = NO;
				GCC_NO_COMMON_BLOCKS = YES;
				GCC_OPTIMIZATION_LEVEL = 0;
				GCC_PREPROCESSOR_DEFINITIONS = (
					"DEBUG=1",
					"$(inherited)",
				);
				GCC_WARN_64_TO_32_BIT_CONVERSION = YES;
				GCC_WARN_ABOUT_RETURN_TYPE = YES_ERROR;
				GCC_WARN_UNDECLARED_SELECTOR = YES;
				GCC_WARN_UNINITIALIZED_AUTOS = YES_AGGRESSIVE;
				GCC_WARN_UNUSED_FUNCTION = YES;
				GCC_WARN_UNUSED_VARIABLE = YES;
				IPHONEOS_DEPLOYMENT_TARGET = 15.5;
				MTL_ENABLE_DEBUG_INFO = INCLUDE_SOURCE;
				MTL_FAST_MATH = YES;
				ONLY_ACTIVE_ARCH = YES;
				SDKROOT = iphoneos;
				SWIFT_ACTIVE_COMPILATION_CONDITIONS = DEBUG;
				SWIFT_OPTIMIZATION_LEVEL = "-Onone";
			};
			name = Debug;
		};
		225E9C5F28A3F0A200658039 /* Release */ = {
			isa = XCBuildConfiguration;
			buildSettings = {
				ALWAYS_SEARCH_USER_PATHS = NO;
				CLANG_ANALYZER_NONNULL = YES;
				CLANG_ANALYZER_NUMBER_OBJECT_CONVERSION = YES_AGGRESSIVE;
				CLANG_CXX_LANGUAGE_STANDARD = "gnu++17";
				CLANG_ENABLE_MODULES = YES;
				CLANG_ENABLE_OBJC_ARC = YES;
				CLANG_ENABLE_OBJC_WEAK = YES;
				CLANG_WARN_BLOCK_CAPTURE_AUTORELEASING = YES;
				CLANG_WARN_BOOL_CONVERSION = YES;
				CLANG_WARN_COMMA = YES;
				CLANG_WARN_CONSTANT_CONVERSION = YES;
				CLANG_WARN_DEPRECATED_OBJC_IMPLEMENTATIONS = YES;
				CLANG_WARN_DIRECT_OBJC_ISA_USAGE = YES_ERROR;
				CLANG_WARN_DOCUMENTATION_COMMENTS = YES;
				CLANG_WARN_EMPTY_BODY = YES;
				CLANG_WARN_ENUM_CONVERSION = YES;
				CLANG_WARN_INFINITE_RECURSION = YES;
				CLANG_WARN_INT_CONVERSION = YES;
				CLANG_WARN_NON_LITERAL_NULL_CONVERSION = YES;
				CLANG_WARN_OBJC_IMPLICIT_RETAIN_SELF = YES;
				CLANG_WARN_OBJC_LITERAL_CONVERSION = YES;
				CLANG_WARN_OBJC_ROOT_CLASS = YES_ERROR;
				CLANG_WARN_QUOTED_INCLUDE_IN_FRAMEWORK_HEADER = YES;
				CLANG_WARN_RANGE_LOOP_ANALYSIS = YES;
				CLANG_WARN_STRICT_PROTOTYPES = YES;
				CLANG_WARN_SUSPICIOUS_MOVE = YES;
				CLANG_WARN_UNGUARDED_AVAILABILITY = YES_AGGRESSIVE;
				CLANG_WARN_UNREACHABLE_CODE = YES;
				CLANG_WARN__DUPLICATE_METHOD_MATCH = YES;
				COPY_PHASE_STRIP = NO;
				DEBUG_INFORMATION_FORMAT = "dwarf-with-dsym";
				ENABLE_NS_ASSERTIONS = NO;
				ENABLE_STRICT_OBJC_MSGSEND = YES;
				GCC_C_LANGUAGE_STANDARD = gnu11;
				GCC_NO_COMMON_BLOCKS = YES;
				GCC_WARN_64_TO_32_BIT_CONVERSION = YES;
				GCC_WARN_ABOUT_RETURN_TYPE = YES_ERROR;
				GCC_WARN_UNDECLARED_SELECTOR = YES;
				GCC_WARN_UNINITIALIZED_AUTOS = YES_AGGRESSIVE;
				GCC_WARN_UNUSED_FUNCTION = YES;
				GCC_WARN_UNUSED_VARIABLE = YES;
				IPHONEOS_DEPLOYMENT_TARGET = 15.5;
				MTL_ENABLE_DEBUG_INFO = NO;
				MTL_FAST_MATH = YES;
				SDKROOT = iphoneos;
				SWIFT_COMPILATION_MODE = wholemodule;
				SWIFT_OPTIMIZATION_LEVEL = "-O";
				VALIDATE_PRODUCT = YES;
			};
			name = Release;
		};
		225E9C6128A3F0A200658039 /* Debug */ = {
			isa = XCBuildConfiguration;
			buildSettings = {
				ASSETCATALOG_COMPILER_APPICON_NAME = AppIcon;
				ASSETCATALOG_COMPILER_GLOBAL_ACCENT_COLOR_NAME = AccentColor;
				CODE_SIGN_STYLE = Automatic;
				CURRENT_PROJECT_VERSION = 1;
				DEVELOPMENT_ASSET_PATHS = "\"RecipeListApp/Preview Content\"";
				DEVELOPMENT_TEAM = 42ZT22L985;
				ENABLE_PREVIEWS = YES;
				GENERATE_INFOPLIST_FILE = YES;
				INFOPLIST_KEY_UIApplicationSceneManifest_Generation = YES;
				INFOPLIST_KEY_UIApplicationSupportsIndirectInputEvents = YES;
				INFOPLIST_KEY_UILaunchScreen_Generation = YES;
				INFOPLIST_KEY_UISupportedInterfaceOrientations_iPad = "UIInterfaceOrientationPortrait UIInterfaceOrientationPortraitUpsideDown UIInterfaceOrientationLandscapeLeft UIInterfaceOrientationLandscapeRight";
				INFOPLIST_KEY_UISupportedInterfaceOrientations_iPhone = "UIInterfaceOrientationPortrait UIInterfaceOrientationLandscapeLeft UIInterfaceOrientationLandscapeRight";
				LD_RUNPATH_SEARCH_PATHS = (
					"$(inherited)",
					"@executable_path/Frameworks",
				);
				MARKETING_VERSION = 1.0;
				PRODUCT_BUNDLE_IDENTIFIER = co.fidanoruc.RecipeListApp;
				PRODUCT_NAME = "$(TARGET_NAME)";
				SWIFT_EMIT_LOC_STRINGS = YES;
				SWIFT_VERSION = 5.0;
				TARGETED_DEVICE_FAMILY = "1,2";
			};
			name = Debug;
		};
		225E9C6228A3F0A200658039 /* Release */ = {
			isa = XCBuildConfiguration;
			buildSettings = {
				ASSETCATALOG_COMPILER_APPICON_NAME = AppIcon;
				ASSETCATALOG_COMPILER_GLOBAL_ACCENT_COLOR_NAME = AccentColor;
				CODE_SIGN_STYLE = Automatic;
				CURRENT_PROJECT_VERSION = 1;
				DEVELOPMENT_ASSET_PATHS = "\"RecipeListApp/Preview Content\"";
				DEVELOPMENT_TEAM = 42ZT22L985;
				ENABLE_PREVIEWS = YES;
				GENERATE_INFOPLIST_FILE = YES;
				INFOPLIST_KEY_UIApplicationSceneManifest_Generation = YES;
				INFOPLIST_KEY_UIApplicationSupportsIndirectInputEvents = YES;
				INFOPLIST_KEY_UILaunchScreen_Generation = YES;
				INFOPLIST_KEY_UISupportedInterfaceOrientations_iPad = "UIInterfaceOrientationPortrait UIInterfaceOrientationPortraitUpsideDown UIInterfaceOrientationLandscapeLeft UIInterfaceOrientationLandscapeRight";
				INFOPLIST_KEY_UISupportedInterfaceOrientations_iPhone = "UIInterfaceOrientationPortrait UIInterfaceOrientationLandscapeLeft UIInterfaceOrientationLandscapeRight";
				LD_RUNPATH_SEARCH_PATHS = (
					"$(inherited)",
					"@executable_path/Frameworks",
				);
				MARKETING_VERSION = 1.0;
				PRODUCT_BUNDLE_IDENTIFIER = co.fidanoruc.RecipeListApp;
				PRODUCT_NAME = "$(TARGET_NAME)";
				SWIFT_EMIT_LOC_STRINGS = YES;
				SWIFT_VERSION = 5.0;
				TARGETED_DEVICE_FAMILY = "1,2";
			};
			name = Release;
		};
/* End XCBuildConfiguration section */

/* Begin XCConfigurationList section */
		225E9C4D28A3F0A000658039 /* Build configuration list for PBXProject "RecipeListApp" */ = {
			isa = XCConfigurationList;
			buildConfigurations = (
				225E9C5E28A3F0A200658039 /* Debug */,
				225E9C5F28A3F0A200658039 /* Release */,
			);
			defaultConfigurationIsVisible = 0;
			defaultConfigurationName = Release;
		};
		225E9C6028A3F0A200658039 /* Build configuration list for PBXNativeTarget "RecipeListApp" */ = {
			isa = XCConfigurationList;
			buildConfigurations = (
				225E9C6128A3F0A200658039 /* Debug */,
				225E9C6228A3F0A200658039 /* Release */,
			);
			defaultConfigurationIsVisible = 0;
			defaultConfigurationName = Release;
		};
/* End XCConfigurationList section */
	};
	rootObject = 225E9C4A28A3F0A000658039 /* Project object */;
}
